
Microsoft Visual Studio Solution File, Format Version 12.00
# Visual Studio Version 16
VisualStudioVersion = 16.0.30413.136
MinimumVisualStudioVersion = 10.0.40219.1
Project("{888888A0-9F3D-457C-B088-3A5042F75D52}") = "kvadratnoe_uravnenie", "kvadratnoe_uravnenie.pyproj", "{B3CA4B63-667B-4D08-844E-92966B920D4B}"
EndProject
Global
	GlobalSection(SolutionConfigurationPlatforms) = preSolution
		Debug|Any CPU = Debug|Any CPU
		Release|Any CPU = Release|Any CPU
	EndGlobalSection
	GlobalSection(ProjectConfigurationPlatforms) = postSolution
		{B3CA4B63-667B-4D08-844E-92966B920D4B}.Debug|Any CPU.ActiveCfg = Debug|Any CPU
		{B3CA4B63-667B-4D08-844E-92966B920D4B}.Release|Any CPU.ActiveCfg = Release|Any CPU
	EndGlobalSection
	GlobalSection(SolutionProperties) = preSolution
		HideSolutionNode = FALSE
	EndGlobalSection
	GlobalSection(ExtensibilityGlobals) = postSolution
		SolutionGuid = {3F83FB45-8A7F-4535-9A11-616DB75B3B82}
	EndGlobalSection
EndGlobal
